{
  "requires": true,
  "lockfileVersion": 1,
  "dependencies": {
    "amplitudejs": {
      "version": "3.3.1",
      "resolved": "https://registry.npmjs.org/amplitudejs/-/amplitudejs-3.3.1.tgz",
      "integrity": "sha512-hDO5zJ60dKNiHW6yk4yZJJliiOkV3wL33Qh1F37gJFXL2juHPBrLl118Hel248huhlAuJEIw4T3Y4N86lwO+uQ=="
    }
  }
}
